
Microsoft Visual Studio Solution File, Format Version 12.00
# Visual Studio Version 17
VisualStudioVersion = 17.10.35013.160
MinimumVisualStudioVersion = 10.0.40219.1
Project("{2150E333-8FDC-42A3-9474-1A3956D46DE8}") = "Behavioral", "Behavioral", "{955D6E8D-437E-4170-96C2-32A0D3D47A73}"
EndProject
Project("{2150E333-8FDC-42A3-9474-1A3956D46DE8}") = "Structural", "Structural", "{60A12836-1D73-43C0-AE77-B22947F08D7D}"
EndProject
Project("{2150E333-8FDC-42A3-9474-1A3956D46DE8}") = "Creational", "Creational", "{7010D762-211E-4751-8F2B-CE609E10546D}"
EndProject
Project("{9A19103F-16F7-4668-BE54-9A1E7A4F7556}") = "ChainOfResponsibility", "Behavioral\ChainOfResponsibility\ChainOfResponsibility.csproj", "{5136F2F1-7799-45D2-960E-6DD2780E8F1B}"
EndProject
Project("{9A19103F-16F7-4668-BE54-9A1E7A4F7556}") = "Command", "Behavioral\Command\Command.csproj", "{834F8671-2D51-42BF-8072-1EF27D9FC47E}"
EndProject
Project("{9A19103F-16F7-4668-BE54-9A1E7A4F7556}") = "Interpreter", "Behavioral\Interpreter\Interpreter.csproj", "{5AA93367-4CED-4AFA-BD49-4F2F7F56D083}"
EndProject
Project("{9A19103F-16F7-4668-BE54-9A1E7A4F7556}") = "Mediator", "Behavioral\Mediator\Mediator.csproj", "{D027200C-32F5-498E-BDA7-4E392E1F37FE}"
EndProject
Project("{9A19103F-16F7-4668-BE54-9A1E7A4F7556}") = "Memento", "Behavioral\Memento\Memento.csproj", "{A6A27610-A244-438D-BA27-8771B736400C}"
EndProject
Project("{9A19103F-16F7-4668-BE54-9A1E7A4F7556}") = "NullObject", "Behavioral\NullObject\NullObject.csproj", "{C561990D-A34B-4C03-AD2D-F571A33464AA}"
EndProject
Project("{9A19103F-16F7-4668-BE54-9A1E7A4F7556}") = "Observer", "Behavioral\Observer\Observer.csproj", "{57E4A774-C11C-4365-AD17-F5B9533A688D}"
EndProject
Project("{9A19103F-16F7-4668-BE54-9A1E7A4F7556}") = "State", "Behavioral\State\State.csproj", "{E6E67141-7552-453D-A93C-7F3A692DA2BC}"
EndProject
Project("{9A19103F-16F7-4668-BE54-9A1E7A4F7556}") = "Strategy", "Behavioral\Strategy\Strategy.csproj", "{F0672051-7CC6-4E3D-9872-09E1B017643C}"
EndProject
Project("{9A19103F-16F7-4668-BE54-9A1E7A4F7556}") = "TemplateMethod", "Behavioral\TemplateMethod\TemplateMethod.csproj", "{2CC0AF47-A216-41D4-B90B-6716989AE67C}"
EndProject
Project("{9A19103F-16F7-4668-BE54-9A1E7A4F7556}") = "Visitor", "Behavioral\Visitor\Visitor.csproj", "{196762B0-6FF5-4378-B830-75A94BBC9C32}"
EndProject
Project("{9A19103F-16F7-4668-BE54-9A1E7A4F7556}") = "AbstractFactory", "Creational\AbstractFactory\AbstractFactory.csproj", "{5D5480B4-4791-4D20-A757-19E211C61F24}"
EndProject
Project("{9A19103F-16F7-4668-BE54-9A1E7A4F7556}") = "Builder", "Creational\Builder\Builder.csproj", "{AAFF3B2F-3E4D-485B-90E6-D640A9C9C327}"
EndProject
Project("{9A19103F-16F7-4668-BE54-9A1E7A4F7556}") = "Factory", "Creational\Factory\Factory.csproj", "{10235E9A-4B16-4F90-92E7-7C53AB57A6B4}"
EndProject
Project("{9A19103F-16F7-4668-BE54-9A1E7A4F7556}") = "Prototype", "Creational\Prototype\Prototype.csproj", "{6AE497D9-221F-4388-9F95-7D454F09C18B}"
EndProject
Project("{9A19103F-16F7-4668-BE54-9A1E7A4F7556}") = "Singleton", "Creational\Singleton\Singleton.csproj", "{B1EE302E-DBAC-4DCF-9516-F7DD482600F8}"
EndProject
Project("{9A19103F-16F7-4668-BE54-9A1E7A4F7556}") = "Adapter", "Structural\Adapter\Adapter.csproj", "{C6F8B179-21C8-4609-B985-DEF5C0FDA3A0}"
EndProject
Project("{9A19103F-16F7-4668-BE54-9A1E7A4F7556}") = "Bridge", "Structural\Bridge\Bridge.csproj", "{A5CC6D60-D0F4-429D-9719-C3E07E898B31}"
EndProject
Project("{9A19103F-16F7-4668-BE54-9A1E7A4F7556}") = "Composite", "Structural\Composite\Composite.csproj", "{D297527B-91F1-4006-AF5C-2B07090828A1}"
EndProject
Project("{9A19103F-16F7-4668-BE54-9A1E7A4F7556}") = "Decorator", "Structural\Decorator\Decorator.csproj", "{04EE1DD4-8343-4BB3-8411-2233223113E6}"
EndProject
Project("{9A19103F-16F7-4668-BE54-9A1E7A4F7556}") = "Facade", "Structural\Facade\Facade.csproj", "{C950C9E2-DB38-4CF7-A27C-323139A042F0}"
EndProject
Project("{9A19103F-16F7-4668-BE54-9A1E7A4F7556}") = "Flyweight", "Structural\Flyweight\Flyweight.csproj", "{575C621B-3A3A-48A6-8076-80868B0F5B82}"
EndProject
Project("{9A19103F-16F7-4668-BE54-9A1E7A4F7556}") = "Proxy", "Structural\Proxy\Proxy.csproj", "{CDBD80CE-12B2-4462-961A-16ADB29223A9}"
EndProject
Project("{2150E333-8FDC-42A3-9474-1A3956D46DE8}") = "Solution Items", "Solution Items", "{2D706AF0-6CE9-4A47-8729-05BEB825C012}"
	ProjectSection(SolutionItems) = preProject
		.gitignore = .gitignore
	EndProjectSection
EndProject
Global
	GlobalSection(SolutionConfigurationPlatforms) = preSolution
		Debug|Any CPU = Debug|Any CPU
		Release|Any CPU = Release|Any CPU
	EndGlobalSection
	GlobalSection(ProjectConfigurationPlatforms) = postSolution
		{5136F2F1-7799-45D2-960E-6DD2780E8F1B}.Debug|Any CPU.ActiveCfg = Debug|Any CPU
		{5136F2F1-7799-45D2-960E-6DD2780E8F1B}.Debug|Any CPU.Build.0 = Debug|Any CPU
		{5136F2F1-7799-45D2-960E-6DD2780E8F1B}.Release|Any CPU.ActiveCfg = Release|Any CPU
		{5136F2F1-7799-45D2-960E-6DD2780E8F1B}.Release|Any CPU.Build.0 = Release|Any CPU
		{834F8671-2D51-42BF-8072-1EF27D9FC47E}.Debug|Any CPU.ActiveCfg = Debug|Any CPU
		{834F8671-2D51-42BF-8072-1EF27D9FC47E}.Debug|Any CPU.Build.0 = Debug|Any CPU
		{834F8671-2D51-42BF-8072-1EF27D9FC47E}.Release|Any CPU.ActiveCfg = Release|Any CPU
		{834F8671-2D51-42BF-8072-1EF27D9FC47E}.Release|Any CPU.Build.0 = Release|Any CPU
		{5AA93367-4CED-4AFA-BD49-4F2F7F56D083}.Debug|Any CPU.ActiveCfg = Debug|Any CPU
		{5AA93367-4CED-4AFA-BD49-4F2F7F56D083}.Debug|Any CPU.Build.0 = Debug|Any CPU
		{5AA93367-4CED-4AFA-BD49-4F2F7F56D083}.Release|Any CPU.ActiveCfg = Release|Any CPU
		{5AA93367-4CED-4AFA-BD49-4F2F7F56D083}.Release|Any CPU.Build.0 = Release|Any CPU
		{D027200C-32F5-498E-BDA7-4E392E1F37FE}.Debug|Any CPU.ActiveCfg = Debug|Any CPU
		{D027200C-32F5-498E-BDA7-4E392E1F37FE}.Debug|Any CPU.Build.0 = Debug|Any CPU
		{D027200C-32F5-498E-BDA7-4E392E1F37FE}.Release|Any CPU.ActiveCfg = Release|Any CPU
		{D027200C-32F5-498E-BDA7-4E392E1F37FE}.Release|Any CPU.Build.0 = Release|Any CPU
		{A6A27610-A244-438D-BA27-8771B736400C}.Debug|Any CPU.ActiveCfg = Debug|Any CPU
		{A6A27610-A244-438D-BA27-8771B736400C}.Debug|Any CPU.Build.0 = Debug|Any CPU
		{A6A27610-A244-438D-BA27-8771B736400C}.Release|Any CPU.ActiveCfg = Release|Any CPU
		{A6A27610-A244-438D-BA27-8771B736400C}.Release|Any CPU.Build.0 = Release|Any CPU
		{C561990D-A34B-4C03-AD2D-F571A33464AA}.Debug|Any CPU.ActiveCfg = Debug|Any CPU
		{C561990D-A34B-4C03-AD2D-F571A33464AA}.Debug|Any CPU.Build.0 = Debug|Any CPU
		{C561990D-A34B-4C03-AD2D-F571A33464AA}.Release|Any CPU.ActiveCfg = Release|Any CPU
		{C561990D-A34B-4C03-AD2D-F571A33464AA}.Release|Any CPU.Build.0 = Release|Any CPU
		{57E4A774-C11C-4365-AD17-F5B9533A688D}.Debug|Any CPU.ActiveCfg = Debug|Any CPU
		{57E4A774-C11C-4365-AD17-F5B9533A688D}.Debug|Any CPU.Build.0 = Debug|Any CPU
		{57E4A774-C11C-4365-AD17-F5B9533A688D}.Release|Any CPU.ActiveCfg = Release|Any CPU
		{57E4A774-C11C-4365-AD17-F5B9533A688D}.Release|Any CPU.Build.0 = Release|Any CPU
		{E6E67141-7552-453D-A93C-7F3A692DA2BC}.Debug|Any CPU.ActiveCfg = Debug|Any CPU
		{E6E67141-7552-453D-A93C-7F3A692DA2BC}.Debug|Any CPU.Build.0 = Debug|Any CPU
		{E6E67141-7552-453D-A93C-7F3A692DA2BC}.Release|Any CPU.ActiveCfg = Release|Any CPU
		{E6E67141-7552-453D-A93C-7F3A692DA2BC}.Release|Any CPU.Build.0 = Release|Any CPU
		{F0672051-7CC6-4E3D-9872-09E1B017643C}.Debug|Any CPU.ActiveCfg = Debug|Any CPU
		{F0672051-7CC6-4E3D-9872-09E1B017643C}.Debug|Any CPU.Build.0 = Debug|Any CPU
		{F0672051-7CC6-4E3D-9872-09E1B017643C}.Release|Any CPU.ActiveCfg = Release|Any CPU
		{F0672051-7CC6-4E3D-9872-09E1B017643C}.Release|Any CPU.Build.0 = Release|Any CPU
		{2CC0AF47-A216-41D4-B90B-6716989AE67C}.Debug|Any CPU.ActiveCfg = Debug|Any CPU
		{2CC0AF47-A216-41D4-B90B-6716989AE67C}.Debug|Any CPU.Build.0 = Debug|Any CPU
		{2CC0AF47-A216-41D4-B90B-6716989AE67C}.Release|Any CPU.ActiveCfg = Release|Any CPU
		{2CC0AF47-A216-41D4-B90B-6716989AE67C}.Release|Any CPU.Build.0 = Release|Any CPU
		{196762B0-6FF5-4378-B830-75A94BBC9C32}.Debug|Any CPU.ActiveCfg = Debug|Any CPU
		{196762B0-6FF5-4378-B830-75A94BBC9C32}.Debug|Any CPU.Build.0 = Debug|Any CPU
		{196762B0-6FF5-4378-B830-75A94BBC9C32}.Release|Any CPU.ActiveCfg = Release|Any CPU
		{196762B0-6FF5-4378-B830-75A94BBC9C32}.Release|Any CPU.Build.0 = Release|Any CPU
		{5D5480B4-4791-4D20-A757-19E211C61F24}.Debug|Any CPU.ActiveCfg = Debug|Any CPU
		{5D5480B4-4791-4D20-A757-19E211C61F24}.Debug|Any CPU.Build.0 = Debug|Any CPU
		{5D5480B4-4791-4D20-A757-19E211C61F24}.Release|Any CPU.ActiveCfg = Release|Any CPU
		{5D5480B4-4791-4D20-A757-19E211C61F24}.Release|Any CPU.Build.0 = Release|Any CPU
		{AAFF3B2F-3E4D-485B-90E6-D640A9C9C327}.Debug|Any CPU.ActiveCfg = Debug|Any CPU
		{AAFF3B2F-3E4D-485B-90E6-D640A9C9C327}.Debug|Any CPU.Build.0 = Debug|Any CPU
		{AAFF3B2F-3E4D-485B-90E6-D640A9C9C327}.Release|Any CPU.ActiveCfg = Release|Any CPU
		{AAFF3B2F-3E4D-485B-90E6-D640A9C9C327}.Release|Any CPU.Build.0 = Release|Any CPU
		{10235E9A-4B16-4F90-92E7-7C53AB57A6B4}.Debug|Any CPU.ActiveCfg = Debug|Any CPU
		{10235E9A-4B16-4F90-92E7-7C53AB57A6B4}.Debug|Any CPU.Build.0 = Debug|Any CPU
		{10235E9A-4B16-4F90-92E7-7C53AB57A6B4}.Release|Any CPU.ActiveCfg = Release|Any CPU
		{10235E9A-4B16-4F90-92E7-7C53AB57A6B4}.Release|Any CPU.Build.0 = Release|Any CPU
		{6AE497D9-221F-4388-9F95-7D454F09C18B}.Debug|Any CPU.ActiveCfg = Debug|Any CPU
		{6AE497D9-221F-4388-9F95-7D454F09C18B}.Debug|Any CPU.Build.0 = Debug|Any CPU
		{6AE497D9-221F-4388-9F95-7D454F09C18B}.Release|Any CPU.ActiveCfg = Release|Any CPU
		{6AE497D9-221F-4388-9F95-7D454F09C18B}.Release|Any CPU.Build.0 = Release|Any CPU
		{B1EE302E-DBAC-4DCF-9516-F7DD482600F8}.Debug|Any CPU.ActiveCfg = Debug|Any CPU
		{B1EE302E-DBAC-4DCF-9516-F7DD482600F8}.Debug|Any CPU.Build.0 = Debug|Any CPU
		{B1EE302E-DBAC-4DCF-9516-F7DD482600F8}.Release|Any CPU.ActiveCfg = Release|Any CPU
		{B1EE302E-DBAC-4DCF-9516-F7DD482600F8}.Release|Any CPU.Build.0 = Release|Any CPU
		{C6F8B179-21C8-4609-B985-DEF5C0FDA3A0}.Debug|Any CPU.ActiveCfg = Debug|Any CPU
		{C6F8B179-21C8-4609-B985-DEF5C0FDA3A0}.Debug|Any CPU.Build.0 = Debug|Any CPU
		{C6F8B179-21C8-4609-B985-DEF5C0FDA3A0}.Release|Any CPU.ActiveCfg = Release|Any CPU
		{C6F8B179-21C8-4609-B985-DEF5C0FDA3A0}.Release|Any CPU.Build.0 = Release|Any CPU
		{A5CC6D60-D0F4-429D-9719-C3E07E898B31}.Debug|Any CPU.ActiveCfg = Debug|Any CPU
		{A5CC6D60-D0F4-429D-9719-C3E07E898B31}.Debug|Any CPU.Build.0 = Debug|Any CPU
		{A5CC6D60-D0F4-429D-9719-C3E07E898B31}.Release|Any CPU.ActiveCfg = Release|Any CPU
		{A5CC6D60-D0F4-429D-9719-C3E07E898B31}.Release|Any CPU.Build.0 = Release|Any CPU
		{D297527B-91F1-4006-AF5C-2B07090828A1}.Debug|Any CPU.ActiveCfg = Debug|Any CPU
		{D297527B-91F1-4006-AF5C-2B07090828A1}.Debug|Any CPU.Build.0 = Debug|Any CPU
		{D297527B-91F1-4006-AF5C-2B07090828A1}.Release|Any CPU.ActiveCfg = Release|Any CPU
		{D297527B-91F1-4006-AF5C-2B07090828A1}.Release|Any CPU.Build.0 = Release|Any CPU
		{04EE1DD4-8343-4BB3-8411-2233223113E6}.Debug|Any CPU.ActiveCfg = Debug|Any CPU
		{04EE1DD4-8343-4BB3-8411-2233223113E6}.Debug|Any CPU.Build.0 = Debug|Any CPU
		{04EE1DD4-8343-4BB3-8411-2233223113E6}.Release|Any CPU.ActiveCfg = Release|Any CPU
		{04EE1DD4-8343-4BB3-8411-2233223113E6}.Release|Any CPU.Build.0 = Release|Any CPU
		{C950C9E2-DB38-4CF7-A27C-323139A042F0}.Debug|Any CPU.ActiveCfg = Debug|Any CPU
		{C950C9E2-DB38-4CF7-A27C-323139A042F0}.Debug|Any CPU.Build.0 = Debug|Any CPU
		{C950C9E2-DB38-4CF7-A27C-323139A042F0}.Release|Any CPU.ActiveCfg = Release|Any CPU
		{C950C9E2-DB38-4CF7-A27C-323139A042F0}.Release|Any CPU.Build.0 = Release|Any CPU
		{575C621B-3A3A-48A6-8076-80868B0F5B82}.Debug|Any CPU.ActiveCfg = Debug|Any CPU
		{575C621B-3A3A-48A6-8076-80868B0F5B82}.Debug|Any CPU.Build.0 = Debug|Any CPU
		{575C621B-3A3A-48A6-8076-80868B0F5B82}.Release|Any CPU.ActiveCfg = Release|Any CPU
		{575C621B-3A3A-48A6-8076-80868B0F5B82}.Release|Any CPU.Build.0 = Release|Any CPU
		{CDBD80CE-12B2-4462-961A-16ADB29223A9}.Debug|Any CPU.ActiveCfg = Debug|Any CPU
		{CDBD80CE-12B2-4462-961A-16ADB29223A9}.Debug|Any CPU.Build.0 = Debug|Any CPU
		{CDBD80CE-12B2-4462-961A-16ADB29223A9}.Release|Any CPU.ActiveCfg = Release|Any CPU
		{CDBD80CE-12B2-4462-961A-16ADB29223A9}.Release|Any CPU.Build.0 = Release|Any CPU
	EndGlobalSection
	GlobalSection(SolutionProperties) = preSolution
		HideSolutionNode = FALSE
	EndGlobalSection
	GlobalSection(NestedProjects) = preSolution
		{5136F2F1-7799-45D2-960E-6DD2780E8F1B} = {955D6E8D-437E-4170-96C2-32A0D3D47A73}
		{834F8671-2D51-42BF-8072-1EF27D9FC47E} = {955D6E8D-437E-4170-96C2-32A0D3D47A73}
		{5AA93367-4CED-4AFA-BD49-4F2F7F56D083} = {955D6E8D-437E-4170-96C2-32A0D3D47A73}
		{D027200C-32F5-498E-BDA7-4E392E1F37FE} = {955D6E8D-437E-4170-96C2-32A0D3D47A73}
		{A6A27610-A244-438D-BA27-8771B736400C} = {955D6E8D-437E-4170-96C2-32A0D3D47A73}
		{C561990D-A34B-4C03-AD2D-F571A33464AA} = {955D6E8D-437E-4170-96C2-32A0D3D47A73}
		{57E4A774-C11C-4365-AD17-F5B9533A688D} = {955D6E8D-437E-4170-96C2-32A0D3D47A73}
		{E6E67141-7552-453D-A93C-7F3A692DA2BC} = {955D6E8D-437E-4170-96C2-32A0D3D47A73}
		{F0672051-7CC6-4E3D-9872-09E1B017643C} = {955D6E8D-437E-4170-96C2-32A0D3D47A73}
		{2CC0AF47-A216-41D4-B90B-6716989AE67C} = {955D6E8D-437E-4170-96C2-32A0D3D47A73}
		{196762B0-6FF5-4378-B830-75A94BBC9C32} = {955D6E8D-437E-4170-96C2-32A0D3D47A73}
		{5D5480B4-4791-4D20-A757-19E211C61F24} = {7010D762-211E-4751-8F2B-CE609E10546D}
		{AAFF3B2F-3E4D-485B-90E6-D640A9C9C327} = {7010D762-211E-4751-8F2B-CE609E10546D}
		{10235E9A-4B16-4F90-92E7-7C53AB57A6B4} = {7010D762-211E-4751-8F2B-CE609E10546D}
		{6AE497D9-221F-4388-9F95-7D454F09C18B} = {7010D762-211E-4751-8F2B-CE609E10546D}
		{B1EE302E-DBAC-4DCF-9516-F7DD482600F8} = {7010D762-211E-4751-8F2B-CE609E10546D}
		{C6F8B179-21C8-4609-B985-DEF5C0FDA3A0} = {60A12836-1D73-43C0-AE77-B22947F08D7D}
		{A5CC6D60-D0F4-429D-9719-C3E07E898B31} = {60A12836-1D73-43C0-AE77-B22947F08D7D}
		{D297527B-91F1-4006-AF5C-2B07090828A1} = {60A12836-1D73-43C0-AE77-B22947F08D7D}
		{04EE1DD4-8343-4BB3-8411-2233223113E6} = {60A12836-1D73-43C0-AE77-B22947F08D7D}
		{C950C9E2-DB38-4CF7-A27C-323139A042F0} = {60A12836-1D73-43C0-AE77-B22947F08D7D}
		{575C621B-3A3A-48A6-8076-80868B0F5B82} = {60A12836-1D73-43C0-AE77-B22947F08D7D}
		{CDBD80CE-12B2-4462-961A-16ADB29223A9} = {60A12836-1D73-43C0-AE77-B22947F08D7D}
	EndGlobalSection
	GlobalSection(ExtensibilityGlobals) = postSolution
		SolutionGuid = {9991C394-0E3E-4F4E-98D4-57E5DF58E8D9}
	EndGlobalSection
EndGlobal
